github.com/gofrs/uuid/v5 v5.1.0 h1:S5rqVKIigghZTCBKPCw0Y+bXkn26K3TB5mvQq2Ix8dk=
github.com/gofrs/uuid/v5 v5.1.0/go.mod h1:CDOjlDMVAtN56jqyRUZh58JT31Tiw7/oQyEXZV+9bD8=
go.jetify.com/typeid v1.1.0 h1:eRW/BBYx1Kh3DiOKBLaAHbwomxK4jm4/tWuNshN5wXY=
go.jetify.com/typeid v1.1.0/go.mod h1:68KXnMPJvJi4Pf2vUhr1QtWo5LfXzMwbUdLfwPlO4jI=
